{
  "meteor": {},
  "dependencies": {
    "basePackages": {
      "user-session": {},
      "event-hooks": {},
      "iron-router": {},
      "roles": {},
      "bootstrap3-less": {},
      "fast-render": {},
      "accounts-admin-ui-bootstrap-3": {},
      "ui-dropped-event": {},
      "handlebar-helpers": {},
      "bootstrap3-datepicker": {},
      "bootboxjs": {},
      "leaflet": {},
      "leaflet-draw": {},
      "nvd3js": {}
    },
    "packages": {
      "user-session": {
        "git": "https://github.com/BenjaminRH/meteor-user-session.git",
        "tag": "v0.2.0",
        "commit": "9ce8cb3385f6bc08918dd30313f2251a42e6ff3b"
      },
      "event-hooks": {
        "git": "https://github.com/BenjaminRH/meteor-event-hooks.git",
        "tag": "v1.4.3",
        "commit": "ba4f3d7887748458618d29615492906f0c88d31c"
      },
      "iron-router": {
        "git": "https://github.com/EventedMind/iron-router.git",
        "tag": "v0.7.1",
        "commit": "d1ffb3f06ea4c112132b030f2eb1a70b81675ecb"
      },
      "roles": {
        "git": "https://github.com/alanning/meteor-roles.git",
        "tag": "v1.2.9",
        "commit": "969b17fac5dfec66b6b12bfce4e37471d1a241d4"
      },
      "bootstrap3-less": {
        "git": "https://github.com/eprochasson/bootstrap3-less",
        "tag": "v0.1.9",
        "commit": "5c812c4d7ce72917a065f0424c3cf54e5ff2d16a"
      },
      "fast-render": {
        "git": "https://github.com/arunoda/meteor-fast-render.git",
        "tag": "v0.2.5",
        "commit": "93e2fb334e55fbe9b5ebb2a2e65964018658f43e"
      },
      "accounts-admin-ui-bootstrap-3": {
        "git": "https://github.com/hharnisc/meteor-accounts-admin-ui-bootstrap-3.git",
        "tag": "v0.2.5",
        "commit": "381d4ca347f16d2ca2e1e6ca5f51c3f2e9c6c5cd"
      },
      "ui-dropped-event": {
        "git": "https://github.com/CollectionFS/Meteor-ui-dropped-event.git",
        "tag": "v0.0.3",
        "commit": "df3a46293da7dd3b45664a239bd9ccf4d23eb514"
      },
      "handlebar-helpers": {
        "git": "https://github.com/raix/Meteor-handlebar-helpers.git",
        "tag": "v0.1.1",
        "commit": "0b407ab65e7c1ebd53d71aef0de2e2c1d21a597c"
      },
      "bootstrap3-datepicker": {
        "git": "https://github.com/rajit/bootstrap3-datepicker.git",
        "tag": "v0.2.1",
        "commit": "442484eb1c8eb00c6b9e0e9c88accc934cf8f04a"
      },
      "bootboxjs": {
        "git": "https://github.com/TimHeckel/meteor-bootboxjs.git",
        "tag": "v4.2.0",
        "commit": "2b7d18ad028d9e7b37238ecf2a8a7970735cebd1"
      },
      "leaflet": {
        "git": "https://github.com/bevanhunt/meteor-leaflet.git",
        "tag": "v0.3.6",
        "commit": "d9e3bdb824145c1078e52945909bb1cf38724da5"
      },
      "leaflet-draw": {
        "git": "https://github.com/bdunnette/meteor-leaflet-draw.git",
        "tag": "v0.2.3",
        "commit": "979fff2fc8ba2b5c4d0a00f54444fdc72aeed7ec"
      },
      "nvd3js": {
        "git": "https://github.com/ouuyeah/nvd3js.git",
        "tag": "v0.1.0",
        "commit": "89a8c66bb3b35d25900d31195ae0b318e4176ddb"
      },
      "blaze-layout": {
        "git": "https://github.com/EventedMind/blaze-layout.git",
        "tag": "v0.2.4",
        "commit": "b40e9b0612329288d75cf52ad14a7da64bb8618f"
      },
      "bootstrap-3": {
        "git": "https://github.com/mangasocial/meteor-bootstrap-3.git",
        "tag": "v3.1.1-1",
        "commit": "63dd38968828bb8963636df93e9a1c45e2dfe67e"
      }
    }
  }
}
